// !$*UTF8*$!
{
	archiveVersion = 1;
	classes = {
	};
	objectVersion = 56;
	objects = {

/* Begin PBXBuildFile section */
		B236632E29371BDC004CFFF0 /* AppDelegate.swift in Sources */ = {isa = PBXBuildFile; fileRef = B236632D29371BDC004CFFF0 /* AppDelegate.swift */; };
		B236633229371BDC004CFFF0 /* ViewController.swift in Sources */ = {isa = PBXBuildFile; fileRef = B236633129371BDC004CFFF0 /* ViewController.swift */; };
		B236633529371BDC004CFFF0 /* Main.storyboard in Resources */ = {isa = PBXBuildFile; fileRef = B236633329371BDC004CFFF0 /* Main.storyboard */; };
		B236633729371BDD004CFFF0 /* Assets.xcassets in Resources */ = {isa = PBXBuildFile; fileRef = B236633629371BDD004CFFF0 /* Assets.xcassets */; };
		B236633A29371BDD004CFFF0 /* LaunchScreen.storyboard in Resources */ = {isa = PBXBuildFile; fileRef = B236633829371BDD004CFFF0 /* LaunchScreen.storyboard */; };
		B2366344293726EE004CFFF0 /* BaseTabBarController.swift in Sources */ = {isa = PBXBuildFile; fileRef = B2366343293726EE004CFFF0 /* BaseTabBarController.swift */; };
		B23663472939FA23004CFFF0 /* AppsSearchController.swift in Sources */ = {isa = PBXBuildFile; fileRef = B23663462939FA23004CFFF0 /* AppsSearchController.swift */; };
		B236634A293A0A83004CFFF0 /* SearchResultsCell.swift in Sources */ = {isa = PBXBuildFile; fileRef = B2366349293A0A83004CFFF0 /* SearchResultsCell.swift */; };
		B241BA472942396100828010 /* AppGroup.swift in Sources */ = {isa = PBXBuildFile; fileRef = B241BA462942396100828010 /* AppGroup.swift */; };
		B24F10B8293E1D8800A0AE15 /* AppsPageController.swift in Sources */ = {isa = PBXBuildFile; fileRef = B24F10B7293E1D8800A0AE15 /* AppsPageController.swift */; };
		B24F10BA293E4DED00A0AE15 /* BaseListController.swift in Sources */ = {isa = PBXBuildFile; fileRef = B24F10B9293E4DED00A0AE15 /* BaseListController.swift */; };
		B24F10BE293E517F00A0AE15 /* AppsGroupCell.swift in Sources */ = {isa = PBXBuildFile; fileRef = B24F10BD293E517F00A0AE15 /* AppsGroupCell.swift */; };
		B24F10C0293E63AA00A0AE15 /* AppsHorizontalController.swift in Sources */ = {isa = PBXBuildFile; fileRef = B24F10BF293E63AA00A0AE15 /* AppsHorizontalController.swift */; };
		B24F10C2293F595700A0AE15 /* AppsRowCell.swift in Sources */ = {isa = PBXBuildFile; fileRef = B24F10C1293F595700A0AE15 /* AppsRowCell.swift */; };
		B24F10C4293F664400A0AE15 /* Extensions.swift in Sources */ = {isa = PBXBuildFile; fileRef = B24F10C3293F664400A0AE15 /* Extensions.swift */; };
		B24F10C6293F8EBD00A0AE15 /* AppsPageHeader.swift in Sources */ = {isa = PBXBuildFile; fileRef = B24F10C5293F8EBD00A0AE15 /* AppsPageHeader.swift */; };
		B24F10C8293F94CE00A0AE15 /* AppsHeaderHorizontalController.swift in Sources */ = {isa = PBXBuildFile; fileRef = B24F10C7293F94CE00A0AE15 /* AppsHeaderHorizontalController.swift */; };
		B28AA7B82949F5F300AA0E3D /* HorizontalSnappingController.swift in Sources */ = {isa = PBXBuildFile; fileRef = B28AA7B72949F5F300AA0E3D /* HorizontalSnappingController.swift */; };
		B29918222940D72B00FB58F5 /* AppsHeaderCell.swift in Sources */ = {isa = PBXBuildFile; fileRef = B29918212940D72B00FB58F5 /* AppsHeaderCell.swift */; };
		B2AFE1BC293B6E330092A7C2 /* 05_UIView+Layout.swift in Sources */ = {isa = PBXBuildFile; fileRef = B2AFE1BB293B6E320092A7C2 /* 05_UIView+Layout.swift */; };
		B2AFE1BE293B7E990092A7C2 /* VerticalStackView.swift in Sources */ = {isa = PBXBuildFile; fileRef = B2AFE1BD293B7E990092A7C2 /* VerticalStackView.swift */; };
		B2CE61F5294763960068D5B9 /* SocialApp.swift in Sources */ = {isa = PBXBuildFile; fileRef = B2CE61F4294763960068D5B9 /* SocialApp.swift */; };
		B2EAB8FB293CCBE900C70C1D /* SearchResult.swift in Sources */ = {isa = PBXBuildFile; fileRef = B2EAB8FA293CCBE900C70C1D /* SearchResult.swift */; };
		B2EAB8FE293CDFE300C70C1D /* Service.swift in Sources */ = {isa = PBXBuildFile; fileRef = B2EAB8FD293CDFE300C70C1D /* Service.swift */; };
		D6AA15EF404A6EF88E599C4E /* Pods_AppStoreJSONApis.framework in Frameworks */ = {isa = PBXBuildFile; fileRef = 206C5875EC81CC2AE9AF522B /* Pods_AppStoreJSONApis.framework */; };
/* End PBXBuildFile section */

/* Begin PBXFileReference section */
		1F77F61640D56BE0F249FC62 /* Pods-AppStoreJSONApis.debug.xcconfig */ = {isa = PBXFileReference; includeInIndex = 1; lastKnownFileType = text.xcconfig; name = "Pods-AppStoreJSONApis.debug.xcconfig"; path = "Target Support Files/Pods-AppStoreJSONApis/Pods-AppStoreJSONApis.debug.xcconfig"; sourceTree = "<group>"; };
		206C5875EC81CC2AE9AF522B /* Pods_AppStoreJSONApis.framework */ = {isa = PBXFileReference; explicitFileType = wrapper.framework; includeInIndex = 0; path = Pods_AppStoreJSONApis.framework; sourceTree = BUILT_PRODUCTS_DIR; };
		48C4E13A4A27AD648AFD90D6 /* Pods-AppStoreJSONApis.release.xcconfig */ = {isa = PBXFileReference; includeInIndex = 1; lastKnownFileType = text.xcconfig; name = "Pods-AppStoreJSONApis.release.xcconfig"; path = "Target Support Files/Pods-AppStoreJSONApis/Pods-AppStoreJSONApis.release.xcconfig"; sourceTree = "<group>"; };
		B236632A29371BDC004CFFF0 /* AppStoreJSONApis.app */ = {isa = PBXFileReference; explicitFileType = wrapper.application; includeInIndex = 0; path = AppStoreJSONApis.app; sourceTree = BUILT_PRODUCTS_DIR; };
		B236632D29371BDC004CFFF0 /* AppDelegate.swift */ = {isa = PBXFileReference; lastKnownFileType = sourcecode.swift; path = AppDelegate.swift; sourceTree = "<group>"; };
		B236633129371BDC004CFFF0 /* ViewController.swift */ = {isa = PBXFileReference; lastKnownFileType = sourcecode.swift; path = ViewController.swift; sourceTree = "<group>"; };
		B236633429371BDC004CFFF0 /* Base */ = {isa = PBXFileReference; lastKnownFileType = file.storyboard; name = Base; path = Base.lproj/Main.storyboard; sourceTree = "<group>"; };
		B236633629371BDD004CFFF0 /* Assets.xcassets */ = {isa = PBXFileReference; lastKnownFileType = folder.assetcatalog; path = Assets.xcassets; sourceTree = "<group>"; };
		B236633929371BDD004CFFF0 /* Base */ = {isa = PBXFileReference; lastKnownFileType = file.storyboard; name = Base; path = Base.lproj/LaunchScreen.storyboard; sourceTree = "<group>"; };
		B236633B29371BDD004CFFF0 /* Info.plist */ = {isa = PBXFileReference; lastKnownFileType = text.plist.xml; path = Info.plist; sourceTree = "<group>"; };
		B2366343293726EE004CFFF0 /* BaseTabBarController.swift */ = {isa = PBXFileReference; lastKnownFileType = sourcecode.swift; path = BaseTabBarController.swift; sourceTree = "<group>"; };
		B23663462939FA23004CFFF0 /* AppsSearchController.swift */ = {isa = PBXFileReference; lastKnownFileType = sourcecode.swift; path = AppsSearchController.swift; sourceTree = "<group>"; };
		B2366349293A0A83004CFFF0 /* SearchResultsCell.swift */ = {isa = PBXFileReference; lastKnownFileType = sourcecode.swift; path = SearchResultsCell.swift; sourceTree = "<group>"; };
		B241BA462942396100828010 /* AppGroup.swift */ = {isa = PBXFileReference; lastKnownFileType = sourcecode.swift; path = AppGroup.swift; sourceTree = "<group>"; };
		B24F10B7293E1D8800A0AE15 /* AppsPageController.swift */ = {isa = PBXFileReference; lastKnownFileType = sourcecode.swift; path = AppsPageController.swift; sourceTree = "<group>"; };
		B24F10B9293E4DED00A0AE15 /* BaseListController.swift */ = {isa = PBXFileReference; lastKnownFileType = sourcecode.swift; path = BaseListController.swift; sourceTree = "<group>"; };
		B24F10BD293E517F00A0AE15 /* AppsGroupCell.swift */ = {isa = PBXFileReference; lastKnownFileType = sourcecode.swift; path = AppsGroupCell.swift; sourceTree = "<group>"; };
		B24F10BF293E63AA00A0AE15 /* AppsHorizontalController.swift */ = {isa = PBXFileReference; lastKnownFileType = sourcecode.swift; path = AppsHorizontalController.swift; sourceTree = "<group>"; };
		B24F10C1293F595700A0AE15 /* AppsRowCell.swift */ = {isa = PBXFileReference; lastKnownFileType = sourcecode.swift; path = AppsRowCell.swift; sourceTree = "<group>"; };
		B24F10C3293F664400A0AE15 /* Extensions.swift */ = {isa = PBXFileReference; lastKnownFileType = sourcecode.swift; path = Extensions.swift; sourceTree = "<group>"; };
		B24F10C5293F8EBD00A0AE15 /* AppsPageHeader.swift */ = {isa = PBXFileReference; lastKnownFileType = sourcecode.swift; path = AppsPageHeader.swift; sourceTree = "<group>"; };
		B24F10C7293F94CE00A0AE15 /* AppsHeaderHorizontalController.swift */ = {isa = PBXFileReference; lastKnownFileType = sourcecode.swift; path = AppsHeaderHorizontalController.swift; sourceTree = "<group>"; };
		B28AA7B72949F5F300AA0E3D /* HorizontalSnappingController.swift */ = {isa = PBXFileReference; lastKnownFileType = sourcecode.swift; path = HorizontalSnappingController.swift; sourceTree = "<group>"; };
		B29918212940D72B00FB58F5 /* AppsHeaderCell.swift */ = {isa = PBXFileReference; lastKnownFileType = sourcecode.swift; path = AppsHeaderCell.swift; sourceTree = "<group>"; };
		B2AFE1BB293B6E320092A7C2 /* 05_UIView+Layout.swift */ = {isa = PBXFileReference; fileEncoding = 4; lastKnownFileType = sourcecode.swift; path = "05_UIView+Layout.swift"; sourceTree = "<group>"; };
		B2AFE1BD293B7E990092A7C2 /* VerticalStackView.swift */ = {isa = PBXFileReference; lastKnownFileType = sourcecode.swift; path = VerticalStackView.swift; sourceTree = "<group>"; };
		B2CE61F4294763960068D5B9 /* SocialApp.swift */ = {isa = PBXFileReference; lastKnownFileType = sourcecode.swift; path = SocialApp.swift; sourceTree = "<group>"; };
		B2EAB8FA293CCBE900C70C1D /* SearchResult.swift */ = {isa = PBXFileReference; lastKnownFileType = sourcecode.swift; path = SearchResult.swift; sourceTree = "<group>"; };
		B2EAB8FD293CDFE300C70C1D /* Service.swift */ = {isa = PBXFileReference; lastKnownFileType = sourcecode.swift; path = Service.swift; sourceTree = "<group>"; };
/* End PBXFileReference section */

/* Begin PBXFrameworksBuildPhase section */
		B236632729371BDC004CFFF0 /* Frameworks */ = {
			isa = PBXFrameworksBuildPhase;
			buildActionMask = 2147483647;
			files = (
				D6AA15EF404A6EF88E599C4E /* Pods_AppStoreJSONApis.framework in Frameworks */,
			);
			runOnlyForDeploymentPostprocessing = 0;
		};
/* End PBXFrameworksBuildPhase section */

/* Begin PBXGroup section */
		6931AB89FD7CB1F3CC3FDAA6 /* Frameworks */ = {
			isa = PBXGroup;
			children = (
				206C5875EC81CC2AE9AF522B /* Pods_AppStoreJSONApis.framework */,
			);
			name = Frameworks;
			sourceTree = "<group>";
		};
		B236632129371BDC004CFFF0 = {
			isa = PBXGroup;
			children = (
				B236632C29371BDC004CFFF0 /* AppStoreJSONApis */,
				B236632B29371BDC004CFFF0 /* Products */,
				C2F40DFC15E81703C6AB3865 /* Pods */,
				6931AB89FD7CB1F3CC3FDAA6 /* Frameworks */,
			);
			sourceTree = "<group>";
		};
		B236632B29371BDC004CFFF0 /* Products */ = {
			isa = PBXGroup;
			children = (
				B236632A29371BDC004CFFF0 /* AppStoreJSONApis.app */,
			);
			name = Products;
			sourceTree = "<group>";
		};
		B236632C29371BDC004CFFF0 /* AppStoreJSONApis */ = {
			isa = PBXGroup;
			children = (
				B2EAB8FC293CDFC600C70C1D /* Service */,
				B2EAB8F9293CCBCA00C70C1D /* Model */,
				B2AFE1BA293B6DFC0092A7C2 /* Helpers */,
				B2366348293A0A44004CFFF0 /* Views */,
				B23663452939F9C6004CFFF0 /* Controller */,
				B236632D29371BDC004CFFF0 /* AppDelegate.swift */,
				B236633129371BDC004CFFF0 /* ViewController.swift */,
				B236633329371BDC004CFFF0 /* Main.storyboard */,
				B236633629371BDD004CFFF0 /* Assets.xcassets */,
				B236633829371BDD004CFFF0 /* LaunchScreen.storyboard */,
				B236633B29371BDD004CFFF0 /* Info.plist */,
			);
			path = AppStoreJSONApis;
			sourceTree = "<group>";
		};
		B23663452939F9C6004CFFF0 /* Controller */ = {
			isa = PBXGroup;
			children = (
				B24F10BB293E4F0F00A0AE15 /* Search */,
				B24F10B6293E1D6D00A0AE15 /* Apps */,
				B2366343293726EE004CFFF0 /* BaseTabBarController.swift */,
				B24F10B9293E4DED00A0AE15 /* BaseListController.swift */,
				B28AA7B72949F5F300AA0E3D /* HorizontalSnappingController.swift */,
			);
			path = Controller;
			sourceTree = "<group>";
		};
		B2366348293A0A44004CFFF0 /* Views */ = {
			isa = PBXGroup;
			children = (
				B24F10BC293E516600A0AE15 /* Apps */,
				B2366349293A0A83004CFFF0 /* SearchResultsCell.swift */,
			);
			path = Views;
			sourceTree = "<group>";
		};
		B24F10B6293E1D6D00A0AE15 /* Apps */ = {
			isa = PBXGroup;
			children = (
				B24F10B7293E1D8800A0AE15 /* AppsPageController.swift */,
				B24F10BF293E63AA00A0AE15 /* AppsHorizontalController.swift */,
				B24F10C7293F94CE00A0AE15 /* AppsHeaderHorizontalController.swift */,
			);
			path = Apps;
			sourceTree = "<group>";
		};
		B24F10BB293E4F0F00A0AE15 /* Search */ = {
			isa = PBXGroup;
			children = (
				B23663462939FA23004CFFF0 /* AppsSearchController.swift */,
			);
			path = Search;
			sourceTree = "<group>";
		};
		B24F10BC293E516600A0AE15 /* Apps */ = {
			isa = PBXGroup;
			children = (
				B24F10BD293E517F00A0AE15 /* AppsGroupCell.swift */,
				B24F10C5293F8EBD00A0AE15 /* AppsPageHeader.swift */,
				B24F10C1293F595700A0AE15 /* AppsRowCell.swift */,
				B29918212940D72B00FB58F5 /* AppsHeaderCell.swift */,
			);
			path = Apps;
			sourceTree = "<group>";
		};
		B2AFE1BA293B6DFC0092A7C2 /* Helpers */ = {
			isa = PBXGroup;
			children = (
				B2AFE1BB293B6E320092A7C2 /* 05_UIView+Layout.swift */,
				B2AFE1BD293B7E990092A7C2 /* VerticalStackView.swift */,
			);
			path = Helpers;
			sourceTree = "<group>";
		};
		B2EAB8F9293CCBCA00C70C1D /* Model */ = {
			isa = PBXGroup;
			children = (
				B2EAB8FA293CCBE900C70C1D /* SearchResult.swift */,
				B241BA462942396100828010 /* AppGroup.swift */,
				B2CE61F4294763960068D5B9 /* SocialApp.swift */,
			);
			path = Model;
			sourceTree = "<group>";
		};
		B2EAB8FC293CDFC600C70C1D /* Service */ = {
			isa = PBXGroup;
			children = (
				B2EAB8FD293CDFE300C70C1D /* Service.swift */,
				B24F10C3293F664400A0AE15 /* Extensions.swift */,
			);
			path = Service;
			sourceTree = "<group>";
		};
		C2F40DFC15E81703C6AB3865 /* Pods */ = {
			isa = PBXGroup;
			children = (
				1F77F61640D56BE0F249FC62 /* Pods-AppStoreJSONApis.debug.xcconfig */,
				48C4E13A4A27AD648AFD90D6 /* Pods-AppStoreJSONApis.release.xcconfig */,
			);
			path = Pods;
			sourceTree = "<group>";
		};
/* End PBXGroup section */

/* Begin PBXNativeTarget section */
		B236632929371BDC004CFFF0 /* AppStoreJSONApis */ = {
			isa = PBXNativeTarget;
			buildConfigurationList = B236633E29371BDD004CFFF0 /* Build configuration list for PBXNativeTarget "AppStoreJSONApis" */;
			buildPhases = (
				46AA93AB95DA52D4FDC32533 /* [CP] Check Pods Manifest.lock */,
				B236632629371BDC004CFFF0 /* Sources */,
				B236632729371BDC004CFFF0 /* Frameworks */,
				B236632829371BDC004CFFF0 /* Resources */,
				B3F75C5ED4C4A770E21E3EF2 /* [CP] Embed Pods Frameworks */,
			);
			buildRules = (
			);
			dependencies = (
			);
			name = AppStoreJSONApis;
			productName = AppStoreJSONApis;
			productReference = B236632A29371BDC004CFFF0 /* AppStoreJSONApis.app */;
			productType = "com.apple.product-type.application";
		};
/* End PBXNativeTarget section */

/* Begin PBXProject section */
		B236632229371BDC004CFFF0 /* Project object */ = {
			isa = PBXProject;
			attributes = {
				BuildIndependentTargetsInParallel = 1;
				LastSwiftUpdateCheck = 1400;
				LastUpgradeCheck = 1400;
				TargetAttributes = {
					B236632929371BDC004CFFF0 = {
						CreatedOnToolsVersion = 14.0.1;
					};
				};
			};
			buildConfigurationList = B236632529371BDC004CFFF0 /* Build configuration list for PBXProject "AppStoreJSONApis" */;
			compatibilityVersion = "Xcode 14.0";
			developmentRegion = en;
			hasScannedForEncodings = 0;
			knownRegions = (
				en,
				Base,
			);
			mainGroup = B236632129371BDC004CFFF0;
			productRefGroup = B236632B29371BDC004CFFF0 /* Products */;
			projectDirPath = "";
			projectRoot = "";
			targets = (
				B236632929371BDC004CFFF0 /* AppStoreJSONApis */,
			);
		};
/* End PBXProject section */

/* Begin PBXResourcesBuildPhase section */
		B236632829371BDC004CFFF0 /* Resources */ = {
			isa = PBXResourcesBuildPhase;
			buildActionMask = 2147483647;
			files = (
				B236633A29371BDD004CFFF0 /* LaunchScreen.storyboard in Resources */,
				B236633729371BDD004CFFF0 /* Assets.xcassets in Resources */,
				B236633529371BDC004CFFF0 /* Main.storyboard in Resources */,
			);
			runOnlyForDeploymentPostprocessing = 0;
		};
/* End PBXResourcesBuildPhase section */

/* Begin PBXShellScriptBuildPhase section */
		46AA93AB95DA52D4FDC32533 /* [CP] Check Pods Manifest.lock */ = {
			isa = PBXShellScriptBuildPhase;
			buildActionMask = 2147483647;
			files = (
			);
			inputFileListPaths = (
			);
			inputPaths = (
				"${PODS_PODFILE_DIR_PATH}/Podfile.lock",
				"${PODS_ROOT}/Manifest.lock",
			);
			name = "[CP] Check Pods Manifest.lock";
			outputFileListPaths = (
			);
			outputPaths = (
				"$(DERIVED_FILE_DIR)/Pods-AppStoreJSONApis-checkManifestLockResult.txt",
			);
			runOnlyForDeploymentPostprocessing = 0;
			shellPath = /bin/sh;
			shellScript = "diff \"${PODS_PODFILE_DIR_PATH}/Podfile.lock\" \"${PODS_ROOT}/Manifest.lock\" > /dev/null\nif [ $? != 0 ] ; then\n    # print error to STDERR\n    echo \"error: The sandbox is not in sync with the Podfile.lock. Run 'pod install' or update your CocoaPods installation.\" >&2\n    exit 1\nfi\n# This output is used by Xcode 'outputs' to avoid re-running this script phase.\necho \"SUCCESS\" > \"${SCRIPT_OUTPUT_FILE_0}\"\n";
			showEnvVarsInLog = 0;
		};
		B3F75C5ED4C4A770E21E3EF2 /* [CP] Embed Pods Frameworks */ = {
			isa = PBXShellScriptBuildPhase;
			buildActionMask = 2147483647;
			files = (
			);
			inputFileListPaths = (
				"${PODS_ROOT}/Target Support Files/Pods-AppStoreJSONApis/Pods-AppStoreJSONApis-frameworks-${CONFIGURATION}-input-files.xcfilelist",
			);
			name = "[CP] Embed Pods Frameworks";
			outputFileListPaths = (
				"${PODS_ROOT}/Target Support Files/Pods-AppStoreJSONApis/Pods-AppStoreJSONApis-frameworks-${CONFIGURATION}-output-files.xcfilelist",
			);
			runOnlyForDeploymentPostprocessing = 0;
			shellPath = /bin/sh;
			shellScript = "\"${PODS_ROOT}/Target Support Files/Pods-AppStoreJSONApis/Pods-AppStoreJSONApis-frameworks.sh\"\n";
			showEnvVarsInLog = 0;
		};
/* End PBXShellScriptBuildPhase section */

/* Begin PBXSourcesBuildPhase section */
		B236632629371BDC004CFFF0 /* Sources */ = {
			isa = PBXSourcesBuildPhase;
			buildActionMask = 2147483647;
			files = (
				B236633229371BDC004CFFF0 /* ViewController.swift in Sources */,
				B2AFE1BC293B6E330092A7C2 /* 05_UIView+Layout.swift in Sources */,
				B2CE61F5294763960068D5B9 /* SocialApp.swift in Sources */,
				B2EAB8FB293CCBE900C70C1D /* SearchResult.swift in Sources */,
				B241BA472942396100828010 /* AppGroup.swift in Sources */,
				B24F10B8293E1D8800A0AE15 /* AppsPageController.swift in Sources */,
				B236634A293A0A83004CFFF0 /* SearchResultsCell.swift in Sources */,
				B24F10BA293E4DED00A0AE15 /* BaseListController.swift in Sources */,
				B24F10C2293F595700A0AE15 /* AppsRowCell.swift in Sources */,
				B236632E29371BDC004CFFF0 /* AppDelegate.swift in Sources */,
				B24F10BE293E517F00A0AE15 /* AppsGroupCell.swift in Sources */,
				B24F10C6293F8EBD00A0AE15 /* AppsPageHeader.swift in Sources */,
				B29918222940D72B00FB58F5 /* AppsHeaderCell.swift in Sources */,
				B2EAB8FE293CDFE300C70C1D /* Service.swift in Sources */,
				B24F10C4293F664400A0AE15 /* Extensions.swift in Sources */,
				B2366344293726EE004CFFF0 /* BaseTabBarController.swift in Sources */,
				B23663472939FA23004CFFF0 /* AppsSearchController.swift in Sources */,
				B28AA7B82949F5F300AA0E3D /* HorizontalSnappingController.swift in Sources */,
				B24F10C0293E63AA00A0AE15 /* AppsHorizontalController.swift in Sources */,
				B2AFE1BE293B7E990092A7C2 /* VerticalStackView.swift in Sources */,
				B24F10C8293F94CE00A0AE15 /* AppsHeaderHorizontalController.swift in Sources */,
			);
			runOnlyForDeploymentPostprocessing = 0;
		};
/* End PBXSourcesBuildPhase section */

/* Begin PBXVariantGroup section */
		B236633329371BDC004CFFF0 /* Main.storyboard */ = {
			isa = PBXVariantGroup;
			children = (
				B236633429371BDC004CFFF0 /* Base */,
			);
			name = Main.storyboard;
			sourceTree = "<group>";
		};
		B236633829371BDD004CFFF0 /* LaunchScreen.storyboard */ = {
			isa = PBXVariantGroup;
			children = (
				B236633929371BDD004CFFF0 /* Base */,
			);
			name = LaunchScreen.storyboard;
			sourceTree = "<group>";
		};
/* End PBXVariantGroup section */

/* Begin XCBuildConfiguration section */
		B236633C29371BDD004CFFF0 /* Debug */ = {
			isa = XCBuildConfiguration;
			buildSettings = {
				ALWAYS_SEARCH_USER_PATHS = NO;
				CLANG_ANALYZER_NONNULL = YES;
				CLANG_ANALYZER_NUMBER_OBJECT_CONVERSION = YES_AGGRESSIVE;
				CLANG_CXX_LANGUAGE_STANDARD = "gnu++20";
				CLANG_ENABLE_MODULES = YES;
				CLANG_ENABLE_OBJC_ARC = YES;
				CLANG_ENABLE_OBJC_WEAK = YES;
				CLANG_WARN_BLOCK_CAPTURE_AUTORELEASING = YES;
				CLANG_WARN_BOOL_CONVERSION = YES;
				CLANG_WARN_COMMA = YES;
				CLANG_WARN_CONSTANT_CONVERSION = YES;
				CLANG_WARN_DEPRECATED_OBJC_IMPLEMENTATIONS = YES;
				CLANG_WARN_DIRECT_OBJC_ISA_USAGE = YES_ERROR;
				CLANG_WARN_DOCUMENTATION_COMMENTS = YES;
				CLANG_WARN_EMPTY_BODY = YES;
				CLANG_WARN_ENUM_CONVERSION = YES;
				CLANG_WARN_INFINITE_RECURSION = YES;
				CLANG_WARN_INT_CONVERSION = YES;
				CLANG_WARN_NON_LITERAL_NULL_CONVERSION = YES;
				CLANG_WARN_OBJC_IMPLICIT_RETAIN_SELF = YES;
				CLANG_WARN_OBJC_LITERAL_CONVERSION = YES;
				CLANG_WARN_OBJC_ROOT_CLASS = YES_ERROR;
				CLANG_WARN_QUOTED_INCLUDE_IN_FRAMEWORK_HEADER = YES;
				CLANG_WARN_RANGE_LOOP_ANALYSIS = YES;
				CLANG_WARN_STRICT_PROTOTYPES = YES;
				CLANG_WARN_SUSPICIOUS_MOVE = YES;
				CLANG_WARN_UNGUARDED_AVAILABILITY = YES_AGGRESSIVE;
				CLANG_WARN_UNREACHABLE_CODE = YES;
				CLANG_WARN__DUPLICATE_METHOD_MATCH = YES;
				COPY_PHASE_STRIP = NO;
				DEBUG_INFORMATION_FORMAT = dwarf;
				ENABLE_STRICT_OBJC_MSGSEND = YES;
				ENABLE_TESTABILITY = YES;
				GCC_C_LANGUAGE_STANDARD = gnu11;
				GCC_DYNAMIC_NO_PIC = NO;
				GCC_NO_COMMON_BLOCKS = YES;
				GCC_OPTIMIZATION_LEVEL = 0;
				GCC_PREPROCESSOR_DEFINITIONS = (
					"DEBUG=1",
					"$(inherited)",
				);
				GCC_WARN_64_TO_32_BIT_CONVERSION = YES;
				GCC_WARN_ABOUT_RETURN_TYPE = YES_ERROR;
				GCC_WARN_UNDECLARED_SELECTOR = YES;
				GCC_WARN_UNINITIALIZED_AUTOS = YES_AGGRESSIVE;
				GCC_WARN_UNUSED_FUNCTION = YES;
				GCC_WARN_UNUSED_VARIABLE = YES;
				IPHONEOS_DEPLOYMENT_TARGET = 16.0;
				MTL_ENABLE_DEBUG_INFO = INCLUDE_SOURCE;
				MTL_FAST_MATH = YES;
				ONLY_ACTIVE_ARCH = YES;
				SDKROOT = iphoneos;
				SWIFT_ACTIVE_COMPILATION_CONDITIONS = DEBUG;
				SWIFT_OPTIMIZATION_LEVEL = "-Onone";
			};
			name = Debug;
		};
		B236633D29371BDD004CFFF0 /* Release */ = {
			isa = XCBuildConfiguration;
			buildSettings = {
				ALWAYS_SEARCH_USER_PATHS = NO;
				CLANG_ANALYZER_NONNULL = YES;
				CLANG_ANALYZER_NUMBER_OBJECT_CONVERSION = YES_AGGRESSIVE;
				CLANG_CXX_LANGUAGE_STANDARD = "gnu++20";
				CLANG_ENABLE_MODULES = YES;
				CLANG_ENABLE_OBJC_ARC = YES;
				CLANG_ENABLE_OBJC_WEAK = YES;
				CLANG_WARN_BLOCK_CAPTURE_AUTORELEASING = YES;
				CLANG_WARN_BOOL_CONVERSION = YES;
				CLANG_WARN_COMMA = YES;
				CLANG_WARN_CONSTANT_CONVERSION = YES;
				CLANG_WARN_DEPRECATED_OBJC_IMPLEMENTATIONS = YES;
				CLANG_WARN_DIRECT_OBJC_ISA_USAGE = YES_ERROR;
				CLANG_WARN_DOCUMENTATION_COMMENTS = YES;
				CLANG_WARN_EMPTY_BODY = YES;
				CLANG_WARN_ENUM_CONVERSION = YES;
				CLANG_WARN_INFINITE_RECURSION = YES;
				CLANG_WARN_INT_CONVERSION = YES;
				CLANG_WARN_NON_LITERAL_NULL_CONVERSION = YES;
				CLANG_WARN_OBJC_IMPLICIT_RETAIN_SELF = YES;
				CLANG_WARN_OBJC_LITERAL_CONVERSION = YES;
				CLANG_WARN_OBJC_ROOT_CLASS = YES_ERROR;
				CLANG_WARN_QUOTED_INCLUDE_IN_FRAMEWORK_HEADER = YES;
				CLANG_WARN_RANGE_LOOP_ANALYSIS = YES;
				CLANG_WARN_STRICT_PROTOTYPES = YES;
				CLANG_WARN_SUSPICIOUS_MOVE = YES;
				CLANG_WARN_UNGUARDED_AVAILABILITY = YES_AGGRESSIVE;
				CLANG_WARN_UNREACHABLE_CODE = YES;
				CLANG_WARN__DUPLICATE_METHOD_MATCH = YES;
				COPY_PHASE_STRIP = NO;
				DEBUG_INFORMATION_FORMAT = "dwarf-with-dsym";
				ENABLE_NS_ASSERTIONS = NO;
				ENABLE_STRICT_OBJC_MSGSEND = YES;
				GCC_C_LANGUAGE_STANDARD = gnu11;
				GCC_NO_COMMON_BLOCKS = YES;
				GCC_WARN_64_TO_32_BIT_CONVERSION = YES;
				GCC_WARN_ABOUT_RETURN_TYPE = YES_ERROR;
				GCC_WARN_UNDECLARED_SELECTOR = YES;
				GCC_WARN_UNINITIALIZED_AUTOS = YES_AGGRESSIVE;
				GCC_WARN_UNUSED_FUNCTION = YES;
				GCC_WARN_UNUSED_VARIABLE = YES;
				IPHONEOS_DEPLOYMENT_TARGET = 16.0;
				MTL_ENABLE_DEBUG_INFO = NO;
				MTL_FAST_MATH = YES;
				SDKROOT = iphoneos;
				SWIFT_COMPILATION_MODE = wholemodule;
				SWIFT_OPTIMIZATION_LEVEL = "-O";
				VALIDATE_PRODUCT = YES;
			};
			name = Release;
		};
		B236633F29371BDD004CFFF0 /* Debug */ = {
			isa = XCBuildConfiguration;
			baseConfigurationReference = 1F77F61640D56BE0F249FC62 /* Pods-AppStoreJSONApis.debug.xcconfig */;
			buildSettings = {
				ASSETCATALOG_COMPILER_APPICON_NAME = AppIcon;
				ASSETCATALOG_COMPILER_GLOBAL_ACCENT_COLOR_NAME = AccentColor;
				CODE_SIGN_STYLE = Automatic;
				CURRENT_PROJECT_VERSION = 1;
				DEVELOPMENT_TEAM = 9Q4SAV9L28;
				GENERATE_INFOPLIST_FILE = YES;
				INFOPLIST_FILE = AppStoreJSONApis/Info.plist;
				INFOPLIST_KEY_UIApplicationSupportsIndirectInputEvents = YES;
				INFOPLIST_KEY_UILaunchStoryboardName = LaunchScreen;
				INFOPLIST_KEY_UIMainStoryboardFile = Main;
				INFOPLIST_KEY_UISupportedInterfaceOrientations_iPad = "UIInterfaceOrientationPortrait UIInterfaceOrientationPortraitUpsideDown UIInterfaceOrientationLandscapeLeft UIInterfaceOrientationLandscapeRight";
				INFOPLIST_KEY_UISupportedInterfaceOrientations_iPhone = "UIInterfaceOrientationPortrait UIInterfaceOrientationLandscapeLeft UIInterfaceOrientationLandscapeRight";
				LD_RUNPATH_SEARCH_PATHS = (
					"$(inherited)",
					"@executable_path/Frameworks",
				);
				MARKETING_VERSION = 1.0;
				PRODUCT_BUNDLE_IDENTIFIER = com.company.max.AppStoreJSONApis;
				PRODUCT_NAME = "$(TARGET_NAME)";
				SWIFT_EMIT_LOC_STRINGS = YES;
				SWIFT_VERSION = 5.0;
				TARGETED_DEVICE_FAMILY = "1,2";
			};
			name = Debug;
		};
		B236634029371BDD004CFFF0 /* Release */ = {
			isa = XCBuildConfiguration;
			baseConfigurationReference = 48C4E13A4A27AD648AFD90D6 /* Pods-AppStoreJSONApis.release.xcconfig */;
			buildSettings = {
				ASSETCATALOG_COMPILER_APPICON_NAME = AppIcon;
				ASSETCATALOG_COMPILER_GLOBAL_ACCENT_COLOR_NAME = AccentColor;
				CODE_SIGN_STYLE = Automatic;
				CURRENT_PROJECT_VERSION = 1;
				DEVELOPMENT_TEAM = 9Q4SAV9L28;
				GENERATE_INFOPLIST_FILE = YES;
				INFOPLIST_FILE = AppStoreJSONApis/Info.plist;
				INFOPLIST_KEY_UIApplicationSupportsIndirectInputEvents = YES;
				INFOPLIST_KEY_UILaunchStoryboardName = LaunchScreen;
				INFOPLIST_KEY_UIMainStoryboardFile = Main;
				INFOPLIST_KEY_UISupportedInterfaceOrientations_iPad = "UIInterfaceOrientationPortrait UIInterfaceOrientationPortraitUpsideDown UIInterfaceOrientationLandscapeLeft UIInterfaceOrientationLandscapeRight";
				INFOPLIST_KEY_UISupportedInterfaceOrientations_iPhone = "UIInterfaceOrientationPortrait UIInterfaceOrientationLandscapeLeft UIInterfaceOrientationLandscapeRight";
				LD_RUNPATH_SEARCH_PATHS = (
					"$(inherited)",
					"@executable_path/Frameworks",
				);
				MARKETING_VERSION = 1.0;
				PRODUCT_BUNDLE_IDENTIFIER = com.company.max.AppStoreJSONApis;
				PRODUCT_NAME = "$(TARGET_NAME)";
				SWIFT_EMIT_LOC_STRINGS = YES;
				SWIFT_VERSION = 5.0;
				TARGETED_DEVICE_FAMILY = "1,2";
			};
			name = Release;
		};
/* End XCBuildConfiguration section */

/* Begin XCConfigurationList section */
		B236632529371BDC004CFFF0 /* Build configuration list for PBXProject "AppStoreJSONApis" */ = {
			isa = XCConfigurationList;
			buildConfigurations = (
				B236633C29371BDD004CFFF0 /* Debug */,
				B236633D29371BDD004CFFF0 /* Release */,
			);
			defaultConfigurationIsVisible = 0;
			defaultConfigurationName = Release;
		};
		B236633E29371BDD004CFFF0 /* Build configuration list for PBXNativeTarget "AppStoreJSONApis" */ = {
			isa = XCConfigurationList;
			buildConfigurations = (
				B236633F29371BDD004CFFF0 /* Debug */,
				B236634029371BDD004CFFF0 /* Release */,
			);
			defaultConfigurationIsVisible = 0;
			defaultConfigurationName = Release;
		};
/* End XCConfigurationList section */
	};
	rootObject = B236632229371BDC004CFFF0 /* Project object */;
}
